{
  "pins" : [
    {
      "identity" : "codeeditor",
      "kind" : "remoteSourceControl",
      "location" : "https://github.com/ZeeZide/CodeEditor.git",
      "state" : {
        "branch" : "main",
        "revision" : "39f457f9ddeb5ee27a7dc035e9c9c8c40be25c37"
      }
    },
    {
      "identity" : "gifu",
      "kind" : "remoteSourceControl",
      "location" : "https://github.com/kaishin/Gifu",
      "state" : {
        "revision" : "51f2eab32903e336f590c013267cfa4d7f8b06c4",
        "version" : "3.3.1"
      }
    },
    {
      "identity" : "highlightr",
      "kind" : "remoteSourceControl",
      "location" : "https://github.com/raspu/Highlightr",
      "state" : {
        "revision" : "93199b9e434f04bda956a613af8f571933f9f037",
        "version" : "2.1.2"
      }
    },
    {
      "identity" : "keychainaccess",
      "kind" : "remoteSourceControl",
      "location" : "https://github.com/kishikawakatsumi/KeychainAccess",
      "state" : {
        "revision" : "84e546727d66f1adc5439debad16270d0fdd04e7",
        "version" : "4.2.2"
      }
    },
    {
      "identity" : "nuke",
      "kind" : "remoteSourceControl",
      "location" : "https://github.com/kean/Nuke.git",
      "state" : {
        "revision" : "78fa963b8491fc520791d8c2a509f1b8593d8aae",
        "version" : "10.7.1"
      }
    },
    {
      "identity" : "nukeui",
      "kind" : "remoteSourceControl",
      "location" : "https://github.com/kean/NukeUI",
      "state" : {
        "revision" : "17f26c07e6b1d3b9258287f99f528111fcd7b7ad",
        "version" : "0.8.1"
      }
    }
  ],
  "version" : 2
}
