{
  "pins" : [
    {
      "identity" : "nuke",
      "kind" : "remoteSourceControl",
      "location" : "https://github.com/kean/Nuke.git",
      "state" : {
        "revision" : "93c8dc78fbc0aa3538a0db460eb389d4180af242",
        "version" : "11.3.1"
      }
    },
    {
      "identity" : "simplekeychain",
      "kind" : "remoteSourceControl",
      "location" : "https://github.com/auth0/SimpleKeychain",
      "state" : {
        "branch" : "master",
        "revision" : "d0f93fa3af7fac5f920e779ad66959cbbea9d0d1"
      }
    }
  ],
  "version" : 2
}
