// !$*UTF8*$!
{
	archiveVersion = 1;
	classes = {
	};
	objectVersion = 55;
	objects = {

/* Begin PBXBuildFile section */
		C63C910627BFC5BA0022051C /* TricksApp.swift in Sources */ = {isa = PBXBuildFile; fileRef = C63C90F627BFC5BA0022051C /* TricksApp.swift */; };
		C63C910727BFC5BA0022051C /* TricksApp.swift in Sources */ = {isa = PBXBuildFile; fileRef = C63C90F627BFC5BA0022051C /* TricksApp.swift */; };
		C63C910A27BFC5BA0022051C /* Assets.xcassets in Resources */ = {isa = PBXBuildFile; fileRef = C63C90F827BFC5BA0022051C /* Assets.xcassets */; };
		C63C910B27BFC5BA0022051C /* Assets.xcassets in Resources */ = {isa = PBXBuildFile; fileRef = C63C90F827BFC5BA0022051C /* Assets.xcassets */; };
		C63C911827BFC6230022051C /* Sidebar.swift in Sources */ = {isa = PBXBuildFile; fileRef = C63C911627BFC6230022051C /* Sidebar.swift */; };
		C63C911927BFC6230022051C /* Sidebar.swift in Sources */ = {isa = PBXBuildFile; fileRef = C63C911627BFC6230022051C /* Sidebar.swift */; };
		C63C911A27BFC6230022051C /* MainView.swift in Sources */ = {isa = PBXBuildFile; fileRef = C63C911727BFC6230022051C /* MainView.swift */; };
		C63C911B27BFC6230022051C /* MainView.swift in Sources */ = {isa = PBXBuildFile; fileRef = C63C911727BFC6230022051C /* MainView.swift */; };
		C63C911F27BFC63E0022051C /* TabNavigation.swift in Sources */ = {isa = PBXBuildFile; fileRef = C63C911E27BFC63E0022051C /* TabNavigation.swift */; };
		C63C912227BFC6670022051C /* NavigationItem.swift in Sources */ = {isa = PBXBuildFile; fileRef = C63C912127BFC6670022051C /* NavigationItem.swift */; };
		C63C912327BFC6670022051C /* NavigationItem.swift in Sources */ = {isa = PBXBuildFile; fileRef = C63C912127BFC6670022051C /* NavigationItem.swift */; };
		C63C912527BFC8E80022051C /* TricksView.swift in Sources */ = {isa = PBXBuildFile; fileRef = C63C912427BFC8E80022051C /* TricksView.swift */; };
		C63C912627BFC8E80022051C /* TricksView.swift in Sources */ = {isa = PBXBuildFile; fileRef = C63C912427BFC8E80022051C /* TricksView.swift */; };
		C63C912827BFC9090022051C /* NotificationsView.swift in Sources */ = {isa = PBXBuildFile; fileRef = C63C912727BFC9090022051C /* NotificationsView.swift */; };
		C63C912927BFC9090022051C /* NotificationsView.swift in Sources */ = {isa = PBXBuildFile; fileRef = C63C912727BFC9090022051C /* NotificationsView.swift */; };
		C63C912B27BFC9100022051C /* ProfileView.swift in Sources */ = {isa = PBXBuildFile; fileRef = C63C912A27BFC9100022051C /* ProfileView.swift */; };
		C63C912C27BFC9100022051C /* ProfileView.swift in Sources */ = {isa = PBXBuildFile; fileRef = C63C912A27BFC9100022051C /* ProfileView.swift */; };
/* End PBXBuildFile section */

/* Begin PBXFileReference section */
		C63C90F627BFC5BA0022051C /* TricksApp.swift */ = {isa = PBXFileReference; lastKnownFileType = sourcecode.swift; path = TricksApp.swift; sourceTree = "<group>"; };
		C63C90F827BFC5BA0022051C /* Assets.xcassets */ = {isa = PBXFileReference; lastKnownFileType = folder.assetcatalog; path = Assets.xcassets; sourceTree = "<group>"; };
		C63C90FD27BFC5BA0022051C /* Tricks.app */ = {isa = PBXFileReference; explicitFileType = wrapper.application; includeInIndex = 0; path = Tricks.app; sourceTree = BUILT_PRODUCTS_DIR; };
		C63C910327BFC5BA0022051C /* Tricks.app */ = {isa = PBXFileReference; explicitFileType = wrapper.application; includeInIndex = 0; path = Tricks.app; sourceTree = BUILT_PRODUCTS_DIR; };
		C63C910527BFC5BA0022051C /* macOS.entitlements */ = {isa = PBXFileReference; lastKnownFileType = text.plist.entitlements; path = macOS.entitlements; sourceTree = "<group>"; };
		C63C911627BFC6230022051C /* Sidebar.swift */ = {isa = PBXFileReference; fileEncoding = 4; lastKnownFileType = sourcecode.swift; path = Sidebar.swift; sourceTree = "<group>"; };
		C63C911727BFC6230022051C /* MainView.swift */ = {isa = PBXFileReference; fileEncoding = 4; lastKnownFileType = sourcecode.swift; path = MainView.swift; sourceTree = "<group>"; };
		C63C911E27BFC63E0022051C /* TabNavigation.swift */ = {isa = PBXFileReference; fileEncoding = 4; lastKnownFileType = sourcecode.swift; path = TabNavigation.swift; sourceTree = "<group>"; };
		C63C912127BFC6670022051C /* NavigationItem.swift */ = {isa = PBXFileReference; fileEncoding = 4; lastKnownFileType = sourcecode.swift; path = NavigationItem.swift; sourceTree = "<group>"; };
		C63C912427BFC8E80022051C /* TricksView.swift */ = {isa = PBXFileReference; lastKnownFileType = sourcecode.swift; path = TricksView.swift; sourceTree = "<group>"; };
		C63C912727BFC9090022051C /* NotificationsView.swift */ = {isa = PBXFileReference; lastKnownFileType = sourcecode.swift; path = NotificationsView.swift; sourceTree = "<group>"; };
		C63C912A27BFC9100022051C /* ProfileView.swift */ = {isa = PBXFileReference; lastKnownFileType = sourcecode.swift; path = ProfileView.swift; sourceTree = "<group>"; };
/* End PBXFileReference section */

/* Begin PBXFrameworksBuildPhase section */
		C63C90FA27BFC5BA0022051C /* Frameworks */ = {
			isa = PBXFrameworksBuildPhase;
			buildActionMask = 2147483647;
			files = (
			);
			runOnlyForDeploymentPostprocessing = 0;
		};
		C63C910027BFC5BA0022051C /* Frameworks */ = {
			isa = PBXFrameworksBuildPhase;
			buildActionMask = 2147483647;
			files = (
			);
			runOnlyForDeploymentPostprocessing = 0;
		};
/* End PBXFrameworksBuildPhase section */

/* Begin PBXGroup section */
		C63C90F027BFC5B90022051C = {
			isa = PBXGroup;
			children = (
				C63C911C27BFC6350022051C /* iOS */,
				C63C90F527BFC5BA0022051C /* Shared */,
				C63C910427BFC5BA0022051C /* macOS */,
				C63C90FE27BFC5BA0022051C /* Products */,
			);
			sourceTree = "<group>";
		};
		C63C90F527BFC5BA0022051C /* Shared */ = {
			isa = PBXGroup;
			children = (
				C63C911527BFC6150022051C /* Navigation */,
				C63C912D27BFCBD20022051C /* Resources */,
				C63C911427BFC5C30022051C /* View */,
				C63C912027BFC65A0022051C /* ViewModels */,
				C63C90F627BFC5BA0022051C /* TricksApp.swift */,
			);
			path = Shared;
			sourceTree = "<group>";
		};
		C63C90FE27BFC5BA0022051C /* Products */ = {
			isa = PBXGroup;
			children = (
				C63C90FD27BFC5BA0022051C /* Tricks.app */,
				C63C910327BFC5BA0022051C /* Tricks.app */,
			);
			name = Products;
			sourceTree = "<group>";
		};
		C63C910427BFC5BA0022051C /* macOS */ = {
			isa = PBXGroup;
			children = (
				C63C910527BFC5BA0022051C /* macOS.entitlements */,
			);
			path = macOS;
			sourceTree = "<group>";
		};
		C63C911427BFC5C30022051C /* View */ = {
			isa = PBXGroup;
			children = (
				C63C912427BFC8E80022051C /* TricksView.swift */,
				C63C912727BFC9090022051C /* NotificationsView.swift */,
				C63C912A27BFC9100022051C /* ProfileView.swift */,
			);
			path = View;
			sourceTree = "<group>";
		};
		C63C911527BFC6150022051C /* Navigation */ = {
			isa = PBXGroup;
			children = (
				C63C911727BFC6230022051C /* MainView.swift */,
				C63C911627BFC6230022051C /* Sidebar.swift */,
			);
			path = Navigation;
			sourceTree = "<group>";
		};
		C63C911C27BFC6350022051C /* iOS */ = {
			isa = PBXGroup;
			children = (
				C63C911D27BFC63E0022051C /* Navigation */,
			);
			path = iOS;
			sourceTree = "<group>";
		};
		C63C911D27BFC63E0022051C /* Navigation */ = {
			isa = PBXGroup;
			children = (
				C63C911E27BFC63E0022051C /* TabNavigation.swift */,
			);
			path = Navigation;
			sourceTree = "<group>";
		};
		C63C912027BFC65A0022051C /* ViewModels */ = {
			isa = PBXGroup;
			children = (
				C63C912127BFC6670022051C /* NavigationItem.swift */,
			);
			path = ViewModels;
			sourceTree = "<group>";
		};
		C63C912D27BFCBD20022051C /* Resources */ = {
			isa = PBXGroup;
			children = (
				C63C90F827BFC5BA0022051C /* Assets.xcassets */,
			);
			path = Resources;
			sourceTree = "<group>";
		};
/* End PBXGroup section */

/* Begin PBXNativeTarget section */
		C63C90FC27BFC5BA0022051C /* Tricks (iOS) */ = {
			isa = PBXNativeTarget;
			buildConfigurationList = C63C910E27BFC5BA0022051C /* Build configuration list for PBXNativeTarget "Tricks (iOS)" */;
			buildPhases = (
				C63C90F927BFC5BA0022051C /* Sources */,
				C63C90FA27BFC5BA0022051C /* Frameworks */,
				C63C90FB27BFC5BA0022051C /* Resources */,
			);
			buildRules = (
			);
			dependencies = (
			);
			name = "Tricks (iOS)";
			productName = "Tricks (iOS)";
			productReference = C63C90FD27BFC5BA0022051C /* Tricks.app */;
			productType = "com.apple.product-type.application";
		};
		C63C910227BFC5BA0022051C /* Tricks (macOS) */ = {
			isa = PBXNativeTarget;
			buildConfigurationList = C63C911127BFC5BA0022051C /* Build configuration list for PBXNativeTarget "Tricks (macOS)" */;
			buildPhases = (
				C63C90FF27BFC5BA0022051C /* Sources */,
				C63C910027BFC5BA0022051C /* Frameworks */,
				C63C910127BFC5BA0022051C /* Resources */,
			);
			buildRules = (
			);
			dependencies = (
			);
			name = "Tricks (macOS)";
			productName = "Tricks (macOS)";
			productReference = C63C910327BFC5BA0022051C /* Tricks.app */;
			productType = "com.apple.product-type.application";
		};
/* End PBXNativeTarget section */

/* Begin PBXProject section */
		C63C90F127BFC5B90022051C /* Project object */ = {
			isa = PBXProject;
			attributes = {
				BuildIndependentTargetsInParallel = 1;
				LastSwiftUpdateCheck = 1320;
				LastUpgradeCheck = 1320;
				TargetAttributes = {
					C63C90FC27BFC5BA0022051C = {
						CreatedOnToolsVersion = 13.2;
					};
					C63C910227BFC5BA0022051C = {
						CreatedOnToolsVersion = 13.2;
					};
				};
			};
			buildConfigurationList = C63C90F427BFC5B90022051C /* Build configuration list for PBXProject "Tricks" */;
			compatibilityVersion = "Xcode 13.0";
			developmentRegion = en;
			hasScannedForEncodings = 0;
			knownRegions = (
				en,
				Base,
			);
			mainGroup = C63C90F027BFC5B90022051C;
			productRefGroup = C63C90FE27BFC5BA0022051C /* Products */;
			projectDirPath = "";
			projectRoot = "";
			targets = (
				C63C90FC27BFC5BA0022051C /* Tricks (iOS) */,
				C63C910227BFC5BA0022051C /* Tricks (macOS) */,
			);
		};
/* End PBXProject section */

/* Begin PBXResourcesBuildPhase section */
		C63C90FB27BFC5BA0022051C /* Resources */ = {
			isa = PBXResourcesBuildPhase;
			buildActionMask = 2147483647;
			files = (
				C63C910A27BFC5BA0022051C /* Assets.xcassets in Resources */,
			);
			runOnlyForDeploymentPostprocessing = 0;
		};
		C63C910127BFC5BA0022051C /* Resources */ = {
			isa = PBXResourcesBuildPhase;
			buildActionMask = 2147483647;
			files = (
				C63C910B27BFC5BA0022051C /* Assets.xcassets in Resources */,
			);
			runOnlyForDeploymentPostprocessing = 0;
		};
/* End PBXResourcesBuildPhase section */

/* Begin PBXSourcesBuildPhase section */
		C63C90F927BFC5BA0022051C /* Sources */ = {
			isa = PBXSourcesBuildPhase;
			buildActionMask = 2147483647;
			files = (
				C63C912B27BFC9100022051C /* ProfileView.swift in Sources */,
				C63C912227BFC6670022051C /* NavigationItem.swift in Sources */,
				C63C911A27BFC6230022051C /* MainView.swift in Sources */,
				C63C911F27BFC63E0022051C /* TabNavigation.swift in Sources */,
				C63C911827BFC6230022051C /* Sidebar.swift in Sources */,
				C63C912527BFC8E80022051C /* TricksView.swift in Sources */,
				C63C910627BFC5BA0022051C /* TricksApp.swift in Sources */,
				C63C912827BFC9090022051C /* NotificationsView.swift in Sources */,
			);
			runOnlyForDeploymentPostprocessing = 0;
		};
		C63C90FF27BFC5BA0022051C /* Sources */ = {
			isa = PBXSourcesBuildPhase;
			buildActionMask = 2147483647;
			files = (
				C63C912327BFC6670022051C /* NavigationItem.swift in Sources */,
				C63C912627BFC8E80022051C /* TricksView.swift in Sources */,
				C63C911B27BFC6230022051C /* MainView.swift in Sources */,
				C63C911927BFC6230022051C /* Sidebar.swift in Sources */,
				C63C910727BFC5BA0022051C /* TricksApp.swift in Sources */,
				C63C912C27BFC9100022051C /* ProfileView.swift in Sources */,
				C63C912927BFC9090022051C /* NotificationsView.swift in Sources */,
			);
			runOnlyForDeploymentPostprocessing = 0;
		};
/* End PBXSourcesBuildPhase section */

/* Begin XCBuildConfiguration section */
		C63C910C27BFC5BA0022051C /* Debug */ = {
			isa = XCBuildConfiguration;
			buildSettings = {
				ALWAYS_SEARCH_USER_PATHS = NO;
				CLANG_ANALYZER_NONNULL = YES;
				CLANG_ANALYZER_NUMBER_OBJECT_CONVERSION = YES_AGGRESSIVE;
				CLANG_CXX_LANGUAGE_STANDARD = "gnu++17";
				CLANG_CXX_LIBRARY = "libc++";
				CLANG_ENABLE_MODULES = YES;
				CLANG_ENABLE_OBJC_ARC = YES;
				CLANG_ENABLE_OBJC_WEAK = YES;
				CLANG_WARN_BLOCK_CAPTURE_AUTORELEASING = YES;
				CLANG_WARN_BOOL_CONVERSION = YES;
				CLANG_WARN_COMMA = YES;
				CLANG_WARN_CONSTANT_CONVERSION = YES;
				CLANG_WARN_DEPRECATED_OBJC_IMPLEMENTATIONS = YES;
				CLANG_WARN_DIRECT_OBJC_ISA_USAGE = YES_ERROR;
				CLANG_WARN_DOCUMENTATION_COMMENTS = YES;
				CLANG_WARN_EMPTY_BODY = YES;
				CLANG_WARN_ENUM_CONVERSION = YES;
				CLANG_WARN_INFINITE_RECURSION = YES;
				CLANG_WARN_INT_CONVERSION = YES;
				CLANG_WARN_NON_LITERAL_NULL_CONVERSION = YES;
				CLANG_WARN_OBJC_IMPLICIT_RETAIN_SELF = YES;
				CLANG_WARN_OBJC_LITERAL_CONVERSION = YES;
				CLANG_WARN_OBJC_ROOT_CLASS = YES_ERROR;
				CLANG_WARN_QUOTED_INCLUDE_IN_FRAMEWORK_HEADER = YES;
				CLANG_WARN_RANGE_LOOP_ANALYSIS = YES;
				CLANG_WARN_STRICT_PROTOTYPES = YES;
				CLANG_WARN_SUSPICIOUS_MOVE = YES;
				CLANG_WARN_UNGUARDED_AVAILABILITY = YES_AGGRESSIVE;
				CLANG_WARN_UNREACHABLE_CODE = YES;
				CLANG_WARN__DUPLICATE_METHOD_MATCH = YES;
				COPY_PHASE_STRIP = NO;
				DEBUG_INFORMATION_FORMAT = dwarf;
				ENABLE_STRICT_OBJC_MSGSEND = YES;
				ENABLE_TESTABILITY = YES;
				GCC_C_LANGUAGE_STANDARD = gnu11;
				GCC_DYNAMIC_NO_PIC = NO;
				GCC_NO_COMMON_BLOCKS = YES;
				GCC_OPTIMIZATION_LEVEL = 0;
				GCC_PREPROCESSOR_DEFINITIONS = (
					"DEBUG=1",
					"$(inherited)",
				);
				GCC_WARN_64_TO_32_BIT_CONVERSION = YES;
				GCC_WARN_ABOUT_RETURN_TYPE = YES_ERROR;
				GCC_WARN_UNDECLARED_SELECTOR = YES;
				GCC_WARN_UNINITIALIZED_AUTOS = YES_AGGRESSIVE;
				GCC_WARN_UNUSED_FUNCTION = YES;
				GCC_WARN_UNUSED_VARIABLE = YES;
				MTL_ENABLE_DEBUG_INFO = INCLUDE_SOURCE;
				MTL_FAST_MATH = YES;
				ONLY_ACTIVE_ARCH = YES;
				SWIFT_ACTIVE_COMPILATION_CONDITIONS = DEBUG;
				SWIFT_OPTIMIZATION_LEVEL = "-Onone";
			};
			name = Debug;
		};
		C63C910D27BFC5BA0022051C /* Release */ = {
			isa = XCBuildConfiguration;
			buildSettings = {
				ALWAYS_SEARCH_USER_PATHS = NO;
				CLANG_ANALYZER_NONNULL = YES;
				CLANG_ANALYZER_NUMBER_OBJECT_CONVERSION = YES_AGGRESSIVE;
				CLANG_CXX_LANGUAGE_STANDARD = "gnu++17";
				CLANG_CXX_LIBRARY = "libc++";
				CLANG_ENABLE_MODULES = YES;
				CLANG_ENABLE_OBJC_ARC = YES;
				CLANG_ENABLE_OBJC_WEAK = YES;
				CLANG_WARN_BLOCK_CAPTURE_AUTORELEASING = YES;
				CLANG_WARN_BOOL_CONVERSION = YES;
				CLANG_WARN_COMMA = YES;
				CLANG_WARN_CONSTANT_CONVERSION = YES;
				CLANG_WARN_DEPRECATED_OBJC_IMPLEMENTATIONS = YES;
				CLANG_WARN_DIRECT_OBJC_ISA_USAGE = YES_ERROR;
				CLANG_WARN_DOCUMENTATION_COMMENTS = YES;
				CLANG_WARN_EMPTY_BODY = YES;
				CLANG_WARN_ENUM_CONVERSION = YES;
				CLANG_WARN_INFINITE_RECURSION = YES;
				CLANG_WARN_INT_CONVERSION = YES;
				CLANG_WARN_NON_LITERAL_NULL_CONVERSION = YES;
				CLANG_WARN_OBJC_IMPLICIT_RETAIN_SELF = YES;
				CLANG_WARN_OBJC_LITERAL_CONVERSION = YES;
				CLANG_WARN_OBJC_ROOT_CLASS = YES_ERROR;
				CLANG_WARN_QUOTED_INCLUDE_IN_FRAMEWORK_HEADER = YES;
				CLANG_WARN_RANGE_LOOP_ANALYSIS = YES;
				CLANG_WARN_STRICT_PROTOTYPES = YES;
				CLANG_WARN_SUSPICIOUS_MOVE = YES;
				CLANG_WARN_UNGUARDED_AVAILABILITY = YES_AGGRESSIVE;
				CLANG_WARN_UNREACHABLE_CODE = YES;
				CLANG_WARN__DUPLICATE_METHOD_MATCH = YES;
				COPY_PHASE_STRIP = NO;
				DEBUG_INFORMATION_FORMAT = "dwarf-with-dsym";
				ENABLE_NS_ASSERTIONS = NO;
				ENABLE_STRICT_OBJC_MSGSEND = YES;
				GCC_C_LANGUAGE_STANDARD = gnu11;
				GCC_NO_COMMON_BLOCKS = YES;
				GCC_WARN_64_TO_32_BIT_CONVERSION = YES;
				GCC_WARN_ABOUT_RETURN_TYPE = YES_ERROR;
				GCC_WARN_UNDECLARED_SELECTOR = YES;
				GCC_WARN_UNINITIALIZED_AUTOS = YES_AGGRESSIVE;
				GCC_WARN_UNUSED_FUNCTION = YES;
				GCC_WARN_UNUSED_VARIABLE = YES;
				MTL_ENABLE_DEBUG_INFO = NO;
				MTL_FAST_MATH = YES;
				SWIFT_COMPILATION_MODE = wholemodule;
				SWIFT_OPTIMIZATION_LEVEL = "-O";
			};
			name = Release;
		};
		C63C910F27BFC5BA0022051C /* Debug */ = {
			isa = XCBuildConfiguration;
			buildSettings = {
				ASSETCATALOG_COMPILER_APPICON_NAME = AppIcon;
				ASSETCATALOG_COMPILER_GLOBAL_ACCENT_COLOR_NAME = AccentColor;
				CODE_SIGN_STYLE = Automatic;
				CURRENT_PROJECT_VERSION = 1;
				ENABLE_PREVIEWS = YES;
				GENERATE_INFOPLIST_FILE = YES;
				INFOPLIST_KEY_UIApplicationSceneManifest_Generation = YES;
				INFOPLIST_KEY_UIApplicationSupportsIndirectInputEvents = YES;
				INFOPLIST_KEY_UILaunchScreen_Generation = YES;
				INFOPLIST_KEY_UISupportedInterfaceOrientations_iPad = "UIInterfaceOrientationPortrait UIInterfaceOrientationPortraitUpsideDown UIInterfaceOrientationLandscapeLeft UIInterfaceOrientationLandscapeRight";
				INFOPLIST_KEY_UISupportedInterfaceOrientations_iPhone = "UIInterfaceOrientationPortrait UIInterfaceOrientationLandscapeLeft UIInterfaceOrientationLandscapeRight";
				IPHONEOS_DEPLOYMENT_TARGET = 15.2;
				LD_RUNPATH_SEARCH_PATHS = (
					"$(inherited)",
					"@executable_path/Frameworks",
				);
				MARKETING_VERSION = 1.0;
				PRODUCT_BUNDLE_IDENTIFIER = com.shalchian.Tricks;
				PRODUCT_NAME = Tricks;
				SDKROOT = iphoneos;
				SWIFT_EMIT_LOC_STRINGS = YES;
				SWIFT_VERSION = 5.0;
				TARGETED_DEVICE_FAMILY = "1,2";
			};
			name = Debug;
		};
		C63C911027BFC5BA0022051C /* Release */ = {
			isa = XCBuildConfiguration;
			buildSettings = {
				ASSETCATALOG_COMPILER_APPICON_NAME = AppIcon;
				ASSETCATALOG_COMPILER_GLOBAL_ACCENT_COLOR_NAME = AccentColor;
				CODE_SIGN_STYLE = Automatic;
				CURRENT_PROJECT_VERSION = 1;
				ENABLE_PREVIEWS = YES;
				GENERATE_INFOPLIST_FILE = YES;
				INFOPLIST_KEY_UIApplicationSceneManifest_Generation = YES;
				INFOPLIST_KEY_UIApplicationSupportsIndirectInputEvents = YES;
				INFOPLIST_KEY_UILaunchScreen_Generation = YES;
				INFOPLIST_KEY_UISupportedInterfaceOrientations_iPad = "UIInterfaceOrientationPortrait UIInterfaceOrientationPortraitUpsideDown UIInterfaceOrientationLandscapeLeft UIInterfaceOrientationLandscapeRight";
				INFOPLIST_KEY_UISupportedInterfaceOrientations_iPhone = "UIInterfaceOrientationPortrait UIInterfaceOrientationLandscapeLeft UIInterfaceOrientationLandscapeRight";
				IPHONEOS_DEPLOYMENT_TARGET = 15.2;
				LD_RUNPATH_SEARCH_PATHS = (
					"$(inherited)",
					"@executable_path/Frameworks",
				);
				MARKETING_VERSION = 1.0;
				PRODUCT_BUNDLE_IDENTIFIER = com.shalchian.Tricks;
				PRODUCT_NAME = Tricks;
				SDKROOT = iphoneos;
				SWIFT_EMIT_LOC_STRINGS = YES;
				SWIFT_VERSION = 5.0;
				TARGETED_DEVICE_FAMILY = "1,2";
				VALIDATE_PRODUCT = YES;
			};
			name = Release;
		};
		C63C911227BFC5BA0022051C /* Debug */ = {
			isa = XCBuildConfiguration;
			buildSettings = {
				ASSETCATALOG_COMPILER_APPICON_NAME = AppIcon;
				ASSETCATALOG_COMPILER_GLOBAL_ACCENT_COLOR_NAME = AccentColor;
				CODE_SIGN_ENTITLEMENTS = macOS/macOS.entitlements;
				CODE_SIGN_STYLE = Automatic;
				COMBINE_HIDPI_IMAGES = YES;
				CURRENT_PROJECT_VERSION = 1;
				ENABLE_PREVIEWS = YES;
				GENERATE_INFOPLIST_FILE = YES;
				INFOPLIST_KEY_NSHumanReadableCopyright = "";
				LD_RUNPATH_SEARCH_PATHS = (
					"$(inherited)",
					"@executable_path/../Frameworks",
				);
				MACOSX_DEPLOYMENT_TARGET = 12.1;
				MARKETING_VERSION = 1.0;
				PRODUCT_BUNDLE_IDENTIFIER = com.shalchian.Tricks;
				PRODUCT_NAME = Tricks;
				SDKROOT = macosx;
				SWIFT_EMIT_LOC_STRINGS = YES;
				SWIFT_VERSION = 5.0;
			};
			name = Debug;
		};
		C63C911327BFC5BA0022051C /* Release */ = {
			isa = XCBuildConfiguration;
			buildSettings = {
				ASSETCATALOG_COMPILER_APPICON_NAME = AppIcon;
				ASSETCATALOG_COMPILER_GLOBAL_ACCENT_COLOR_NAME = AccentColor;
				CODE_SIGN_ENTITLEMENTS = macOS/macOS.entitlements;
				CODE_SIGN_STYLE = Automatic;
				COMBINE_HIDPI_IMAGES = YES;
				CURRENT_PROJECT_VERSION = 1;
				ENABLE_PREVIEWS = YES;
				GENERATE_INFOPLIST_FILE = YES;
				INFOPLIST_KEY_NSHumanReadableCopyright = "";
				LD_RUNPATH_SEARCH_PATHS = (
					"$(inherited)",
					"@executable_path/../Frameworks",
				);
				MACOSX_DEPLOYMENT_TARGET = 12.1;
				MARKETING_VERSION = 1.0;
				PRODUCT_BUNDLE_IDENTIFIER = com.shalchian.Tricks;
				PRODUCT_NAME = Tricks;
				SDKROOT = macosx;
				SWIFT_EMIT_LOC_STRINGS = YES;
				SWIFT_VERSION = 5.0;
			};
			name = Release;
		};
/* End XCBuildConfiguration section */

/* Begin XCConfigurationList section */
		C63C90F427BFC5B90022051C /* Build configuration list for PBXProject "Tricks" */ = {
			isa = XCConfigurationList;
			buildConfigurations = (
				C63C910C27BFC5BA0022051C /* Debug */,
				C63C910D27BFC5BA0022051C /* Release */,
			);
			defaultConfigurationIsVisible = 0;
			defaultConfigurationName = Release;
		};
		C63C910E27BFC5BA0022051C /* Build configuration list for PBXNativeTarget "Tricks (iOS)" */ = {
			isa = XCConfigurationList;
			buildConfigurations = (
				C63C910F27BFC5BA0022051C /* Debug */,
				C63C911027BFC5BA0022051C /* Release */,
			);
			defaultConfigurationIsVisible = 0;
			defaultConfigurationName = Release;
		};
		C63C911127BFC5BA0022051C /* Build configuration list for PBXNativeTarget "Tricks (macOS)" */ = {
			isa = XCConfigurationList;
			buildConfigurations = (
				C63C911227BFC5BA0022051C /* Debug */,
				C63C911327BFC5BA0022051C /* Release */,
			);
			defaultConfigurationIsVisible = 0;
			defaultConfigurationName = Release;
		};
/* End XCConfigurationList section */
	};
	rootObject = C63C90F127BFC5B90022051C /* Project object */;
}
